
Microsoft Visual Studio Solution File, Format Version 12.00
# Visual Studio Version 17
VisualStudioVersion = 17.11.35312.102
MinimumVisualStudioVersion = 10.0.40219.1
Project("{FAE04EC0-301F-11D3-BF4B-00C04F79EFBC}") = "HangFireApp", "HangFireApp.csproj", "{87C0D231-F372-4E4A-A790-21CB28457ACA}"
EndProject
Global
	GlobalSection(SolutionConfigurationPlatforms) = preSolution
		Debug|Any CPU = Debug|Any CPU
		Release|Any CPU = Release|Any CPU
	EndGlobalSection
	GlobalSection(ProjectConfigurationPlatforms) = postSolution
		{87C0D231-F372-4E4A-A790-21CB28457ACA}.Debug|Any CPU.ActiveCfg = Debug|Any CPU
		{87C0D231-F372-4E4A-A790-21CB28457ACA}.Debug|Any CPU.Build.0 = Debug|Any CPU
		{87C0D231-F372-4E4A-A790-21CB28457ACA}.Release|Any CPU.ActiveCfg = Release|Any CPU
		{87C0D231-F372-4E4A-A790-21CB28457ACA}.Release|Any CPU.Build.0 = Release|Any CPU
	EndGlobalSection
	GlobalSection(SolutionProperties) = preSolution
		HideSolutionNode = FALSE
	EndGlobalSection
	GlobalSection(ExtensibilityGlobals) = postSolution
		SolutionGuid = {46491EC7-306C-4306-8CC1-4B60418A9018}
	EndGlobalSection
EndGlobal
